
Microsoft Visual Studio Solution File, Format Version 10.00
# Visual C++ Express 2008
Project("{8BC9CEB8-8B4A-11D0-8D11-00A0C91BC942}") = "lab-15", "lab-15\lab-15.vcproj", "{6128ADBE-59C9-4B71-BEF6-7B3F173BD29E}"
EndProject
Global
	GlobalSection(SolutionConfigurationPlatforms) = preSolution
		Debug|Win32 = Debug|Win32
		Release|Win32 = Release|Win32
	EndGlobalSection
	GlobalSection(ProjectConfigurationPlatforms) = postSolution
		{6128ADBE-59C9-4B71-BEF6-7B3F173BD29E}.Debug|Win32.ActiveCfg = Debug|Win32
		{6128ADBE-59C9-4B71-BEF6-7B3F173BD29E}.Debug|Win32.Build.0 = Debug|Win32
		{6128ADBE-59C9-4B71-BEF6-7B3F173BD29E}.Release|Win32.ActiveCfg = Release|Win32
		{6128ADBE-59C9-4B71-BEF6-7B3F173BD29E}.Release|Win32.Build.0 = Release|Win32
	EndGlobalSection
	GlobalSection(SolutionProperties) = preSolution
		HideSolutionNode = FALSE
	EndGlobalSection
EndGlobal
