
Microsoft Visual Studio Solution File, Format Version 10.00
# Visual C++ Express 2008
Project("{8BC9CEB8-8B4A-11D0-8D11-00A0C91BC942}") = "lab-8", "lab-8\lab-8.vcproj", "{6F680A7D-7E7F-4EA2-92A6-E33F313FA6B4}"
EndProject
Global
	GlobalSection(SolutionConfigurationPlatforms) = preSolution
		Debug|Win32 = Debug|Win32
		Release|Win32 = Release|Win32
	EndGlobalSection
	GlobalSection(ProjectConfigurationPlatforms) = postSolution
		{6F680A7D-7E7F-4EA2-92A6-E33F313FA6B4}.Debug|Win32.ActiveCfg = Debug|Win32
		{6F680A7D-7E7F-4EA2-92A6-E33F313FA6B4}.Debug|Win32.Build.0 = Debug|Win32
		{6F680A7D-7E7F-4EA2-92A6-E33F313FA6B4}.Release|Win32.ActiveCfg = Release|Win32
		{6F680A7D-7E7F-4EA2-92A6-E33F313FA6B4}.Release|Win32.Build.0 = Release|Win32
	EndGlobalSection
	GlobalSection(SolutionProperties) = preSolution
		HideSolutionNode = FALSE
	EndGlobalSection
EndGlobal
